
Microsoft Visual Studio Solution File, Format Version 12.00
# Visual Studio Version 17
VisualStudioVersion = 17.9.34701.34
MinimumVisualStudioVersion = 10.0.40219.1
Project("{FAE04EC0-301F-11D3-BF4B-00C04F79EFBC}") = "AdminInspireSpace", "AdminInspireSpace\AdminInspireSpace.csproj", "{4E2CB55E-A3F8-473C-8102-3EE1C03DF594}"
EndProject
Global
	GlobalSection(SolutionConfigurationPlatforms) = preSolution
		Debug|Any CPU = Debug|Any CPU
		Release|Any CPU = Release|Any CPU
	EndGlobalSection
	GlobalSection(ProjectConfigurationPlatforms) = postSolution
		{4E2CB55E-A3F8-473C-8102-3EE1C03DF594}.Debug|Any CPU.ActiveCfg = Debug|Any CPU
		{4E2CB55E-A3F8-473C-8102-3EE1C03DF594}.Debug|Any CPU.Build.0 = Debug|Any CPU
		{4E2CB55E-A3F8-473C-8102-3EE1C03DF594}.Release|Any CPU.ActiveCfg = Release|Any CPU
		{4E2CB55E-A3F8-473C-8102-3EE1C03DF594}.Release|Any CPU.Build.0 = Release|Any CPU
	EndGlobalSection
	GlobalSection(SolutionProperties) = preSolution
		HideSolutionNode = FALSE
	EndGlobalSection
	GlobalSection(ExtensibilityGlobals) = postSolution
		SolutionGuid = {B3FF34AB-DD93-47FD-BAB5-3F7E946BD7BE}
	EndGlobalSection
EndGlobal
